// !$*UTF8*$!
{
	archiveVersion = 1;
	classes = {
	};
	objectVersion = 46;
	objects = {

/* Begin PBXBuildFile section */
		5775F9041A8BEC1A00B91A00 /* Sando.m in Sources */ = {isa = PBXBuildFile; fileRef = 5775F9011A8BEC1A00B91A00 /* Sando.m */; };
		5775F9051A8BEC1A00B91A00 /* Shop.m in Sources */ = {isa = PBXBuildFile; fileRef = 5775F9031A8BEC1A00B91A00 /* Shop.m */; };
		57D69F111A8AE39400307834 /* AudioToolbox.framework in Frameworks */ = {isa = PBXBuildFile; fileRef = 57D69F101A8AE39400307834 /* AudioToolbox.framework */; };
		57D69F131A8AE39E00307834 /* CFNetwork.framework in Frameworks */ = {isa = PBXBuildFile; fileRef = 57D69F121A8AE39E00307834 /* CFNetwork.framework */; };
		57D69F151A8AE3AE00307834 /* CoreGraphics.framework in Frameworks */ = {isa = PBXBuildFile; fileRef = 57D69F141A8AE3AE00307834 /* CoreGraphics.framework */; };
		57D69F171A8AE3B500307834 /* CoreLocation.framework in Frameworks */ = {isa = PBXBuildFile; fileRef = 57D69F161A8AE3B500307834 /* CoreLocation.framework */; };
		57D69F191A8AE3BE00307834 /* MobileCoreServices.framework in Frameworks */ = {isa = PBXBuildFile; fileRef = 57D69F181A8AE3BE00307834 /* MobileCoreServices.framework */; };
		57D69F1B1A8AE3C800307834 /* QuartzCore.framework in Frameworks */ = {isa = PBXBuildFile; fileRef = 57D69F1A1A8AE3C800307834 /* QuartzCore.framework */; };
		57D69F1D1A8AE3D200307834 /* Security.framework in Frameworks */ = {isa = PBXBuildFile; fileRef = 57D69F1C1A8AE3D200307834 /* Security.framework */; };
		57D69F1F1A8AE3DC00307834 /* StoreKit.framework in Frameworks */ = {isa = PBXBuildFile; fileRef = 57D69F1E1A8AE3DC00307834 /* StoreKit.framework */; };
		57D69F211A8AE3E700307834 /* SystemConfiguration.framework in Frameworks */ = {isa = PBXBuildFile; fileRef = 57D69F201A8AE3E700307834 /* SystemConfiguration.framework */; };
		57D69F231A8AE3F200307834 /* libz.dylib in Frameworks */ = {isa = PBXBuildFile; fileRef = 57D69F221A8AE3F200307834 /* libz.dylib */; };
		57D69F251A8AE3FC00307834 /* libsqlite3.dylib in Frameworks */ = {isa = PBXBuildFile; fileRef = 57D69F241A8AE3FC00307834 /* libsqlite3.dylib */; };
		7A8A1AA11A894275006642F1 /* main.m in Sources */ = {isa = PBXBuildFile; fileRef = 7A8A1AA01A894275006642F1 /* main.m */; };
		7A8A1AA41A894275006642F1 /* AppDelegate.m in Sources */ = {isa = PBXBuildFile; fileRef = 7A8A1AA31A894275006642F1 /* AppDelegate.m */; };
		7A8A1AA71A894275006642F1 /* Sub7.xcdatamodeld in Sources */ = {isa = PBXBuildFile; fileRef = 7A8A1AA51A894275006642F1 /* Sub7.xcdatamodeld */; };
		7A8A1AAA1A894275006642F1 /* RootViewController.m in Sources */ = {isa = PBXBuildFile; fileRef = 7A8A1AA91A894275006642F1 /* RootViewController.m */; };
		7A8A1AAD1A894275006642F1 /* Main.storyboard in Resources */ = {isa = PBXBuildFile; fileRef = 7A8A1AAB1A894275006642F1 /* Main.storyboard */; };
		7A8A1AAF1A894275006642F1 /* Images.xcassets in Resources */ = {isa = PBXBuildFile; fileRef = 7A8A1AAE1A894275006642F1 /* Images.xcassets */; };
		7A8A1AB21A894275006642F1 /* LaunchScreen.xib in Resources */ = {isa = PBXBuildFile; fileRef = 7A8A1AB01A894275006642F1 /* LaunchScreen.xib */; };
		7A8A1ABE1A894275006642F1 /* Sub7Tests.m in Sources */ = {isa = PBXBuildFile; fileRef = 7A8A1ABD1A894275006642F1 /* Sub7Tests.m */; };
		7A8A1AF91A8A8A5E006642F1 /* CustomCollectionViewCell.m in Sources */ = {isa = PBXBuildFile; fileRef = 7A8A1AF81A8A8A5E006642F1 /* CustomCollectionViewCell.m */; };
		7AA7F5C31A8AF38400946EEE /* Bolts.framework in Frameworks */ = {isa = PBXBuildFile; fileRef = 7AA7F5BE1A8AF38400946EEE /* Bolts.framework */; };
		7AA7F5C41A8AF38400946EEE /* Parse.framework in Frameworks */ = {isa = PBXBuildFile; fileRef = 7AA7F5BF1A8AF38400946EEE /* Parse.framework */; };
		7AA7F5C51A8AF38400946EEE /* ParseCrashReporting.framework in Frameworks */ = {isa = PBXBuildFile; fileRef = 7AA7F5C01A8AF38400946EEE /* ParseCrashReporting.framework */; };
		7AA7F5C61A8AF38400946EEE /* ParseFacebookUtils.framework in Frameworks */ = {isa = PBXBuildFile; fileRef = 7AA7F5C11A8AF38400946EEE /* ParseFacebookUtils.framework */; };
		7AA7F5C71A8AF38400946EEE /* ParseUI.framework in Frameworks */ = {isa = PBXBuildFile; fileRef = 7AA7F5C21A8AF38400946EEE /* ParseUI.framework */; };
		7AA7F5CA1A8B095700946EEE /* CustomFlowLayout.m in Sources */ = {isa = PBXBuildFile; fileRef = 7AA7F5C91A8B095700946EEE /* CustomFlowLayout.m */; };
		7AA7F5CD1A8B10FE00946EEE /* DetailViewController.m in Sources */ = {isa = PBXBuildFile; fileRef = 7AA7F5CC1A8B10FE00946EEE /* DetailViewController.m */; };
		7AA7F5D01A8B117200946EEE /* MapDetailViewController.m in Sources */ = {isa = PBXBuildFile; fileRef = 7AA7F5CF1A8B117200946EEE /* MapDetailViewController.m */; };
		7AA7F5D31A8B11AD00946EEE /* CustoSandoViewController.m in Sources */ = {isa = PBXBuildFile; fileRef = 7AA7F5D21A8B11AD00946EEE /* CustoSandoViewController.m */; };
		7AA7F5D51A8B131E00946EEE /* MapKit.framework in Frameworks */ = {isa = PBXBuildFile; fileRef = 7AA7F5D41A8B131E00946EEE /* MapKit.framework */; };
/* End PBXBuildFile section */

/* Begin PBXContainerItemProxy section */
		7A8A1AB81A894275006642F1 /* PBXContainerItemProxy */ = {
			isa = PBXContainerItemProxy;
			containerPortal = 7A8A1A931A894275006642F1 /* Project object */;
			proxyType = 1;
			remoteGlobalIDString = 7A8A1A9A1A894275006642F1;
			remoteInfo = Sub7;
		};
/* End PBXContainerItemProxy section */

/* Begin PBXFileReference section */
		5775F9001A8BEC1A00B91A00 /* Sando.h */ = {isa = PBXFileReference; fileEncoding = 4; lastKnownFileType = sourcecode.c.h; path = Sando.h; sourceTree = "<group>"; };
		5775F9011A8BEC1A00B91A00 /* Sando.m */ = {isa = PBXFileReference; fileEncoding = 4; lastKnownFileType = sourcecode.c.objc; path = Sando.m; sourceTree = "<group>"; };
		5775F9021A8BEC1A00B91A00 /* Shop.h */ = {isa = PBXFileReference; fileEncoding = 4; lastKnownFileType = sourcecode.c.h; path = Shop.h; sourceTree = "<group>"; };
		5775F9031A8BEC1A00B91A00 /* Shop.m */ = {isa = PBXFileReference; fileEncoding = 4; lastKnownFileType = sourcecode.c.objc; path = Shop.m; sourceTree = "<group>"; };
		57D69F101A8AE39400307834 /* AudioToolbox.framework */ = {isa = PBXFileReference; lastKnownFileType = wrapper.framework; name = AudioToolbox.framework; path = System/Library/Frameworks/AudioToolbox.framework; sourceTree = SDKROOT; };
		57D69F121A8AE39E00307834 /* CFNetwork.framework */ = {isa = PBXFileReference; lastKnownFileType = wrapper.framework; name = CFNetwork.framework; path = System/Library/Frameworks/CFNetwork.framework; sourceTree = SDKROOT; };
		57D69F141A8AE3AE00307834 /* CoreGraphics.framework */ = {isa = PBXFileReference; lastKnownFileType = wrapper.framework; name = CoreGraphics.framework; path = System/Library/Frameworks/CoreGraphics.framework; sourceTree = SDKROOT; };
		57D69F161A8AE3B500307834 /* CoreLocation.framework */ = {isa = PBXFileReference; lastKnownFileType = wrapper.framework; name = CoreLocation.framework; path = System/Library/Frameworks/CoreLocation.framework; sourceTree = SDKROOT; };
		57D69F181A8AE3BE00307834 /* MobileCoreServices.framework */ = {isa = PBXFileReference; lastKnownFileType = wrapper.framework; name = MobileCoreServices.framework; path = System/Library/Frameworks/MobileCoreServices.framework; sourceTree = SDKROOT; };
		57D69F1A1A8AE3C800307834 /* QuartzCore.framework */ = {isa = PBXFileReference; lastKnownFileType = wrapper.framework; name = QuartzCore.framework; path = System/Library/Frameworks/QuartzCore.framework; sourceTree = SDKROOT; };
		57D69F1C1A8AE3D200307834 /* Security.framework */ = {isa = PBXFileReference; lastKnownFileType = wrapper.framework; name = Security.framework; path = System/Library/Frameworks/Security.framework; sourceTree = SDKROOT; };
		57D69F1E1A8AE3DC00307834 /* StoreKit.framework */ = {isa = PBXFileReference; lastKnownFileType = wrapper.framework; name = StoreKit.framework; path = System/Library/Frameworks/StoreKit.framework; sourceTree = SDKROOT; };
		57D69F201A8AE3E700307834 /* SystemConfiguration.framework */ = {isa = PBXFileReference; lastKnownFileType = wrapper.framework; name = SystemConfiguration.framework; path = System/Library/Frameworks/SystemConfiguration.framework; sourceTree = SDKROOT; };
		57D69F221A8AE3F200307834 /* libz.dylib */ = {isa = PBXFileReference; lastKnownFileType = "compiled.mach-o.dylib"; name = libz.dylib; path = usr/lib/libz.dylib; sourceTree = SDKROOT; };
		57D69F241A8AE3FC00307834 /* libsqlite3.dylib */ = {isa = PBXFileReference; lastKnownFileType = "compiled.mach-o.dylib"; name = libsqlite3.dylib; path = usr/lib/libsqlite3.dylib; sourceTree = SDKROOT; };
		7A8A1A9B1A894275006642F1 /* Sub7.app */ = {isa = PBXFileReference; explicitFileType = wrapper.application; includeInIndex = 0; path = Sub7.app; sourceTree = BUILT_PRODUCTS_DIR; };
		7A8A1A9F1A894275006642F1 /* Info.plist */ = {isa = PBXFileReference; lastKnownFileType = text.plist.xml; path = Info.plist; sourceTree = "<group>"; };
		7A8A1AA01A894275006642F1 /* main.m */ = {isa = PBXFileReference; lastKnownFileType = sourcecode.c.objc; path = main.m; sourceTree = "<group>"; };
		7A8A1AA21A894275006642F1 /* AppDelegate.h */ = {isa = PBXFileReference; lastKnownFileType = sourcecode.c.h; path = AppDelegate.h; sourceTree = "<group>"; };
		7A8A1AA31A894275006642F1 /* AppDelegate.m */ = {isa = PBXFileReference; lastKnownFileType = sourcecode.c.objc; path = AppDelegate.m; sourceTree = "<group>"; };
		7A8A1AA61A894275006642F1 /* Sub7.xcdatamodel */ = {isa = PBXFileReference; lastKnownFileType = wrapper.xcdatamodel; path = Sub7.xcdatamodel; sourceTree = "<group>"; };
		7A8A1AA81A894275006642F1 /* RootViewController.h */ = {isa = PBXFileReference; lastKnownFileType = sourcecode.c.h; path = RootViewController.h; sourceTree = "<group>"; };
		7A8A1AA91A894275006642F1 /* RootViewController.m */ = {isa = PBXFileReference; lastKnownFileType = sourcecode.c.objc; path = RootViewController.m; sourceTree = "<group>"; };
		7A8A1AAC1A894275006642F1 /* Base */ = {isa = PBXFileReference; lastKnownFileType = file.storyboard; name = Base; path = Base.lproj/Main.storyboard; sourceTree = "<group>"; };
		7A8A1AAE1A894275006642F1 /* Images.xcassets */ = {isa = PBXFileReference; lastKnownFileType = folder.assetcatalog; path = Images.xcassets; sourceTree = "<group>"; };
		7A8A1AB11A894275006642F1 /* Base */ = {isa = PBXFileReference; lastKnownFileType = file.xib; name = Base; path = Base.lproj/LaunchScreen.xib; sourceTree = "<group>"; };
		7A8A1AB71A894275006642F1 /* Sub7Tests.xctest */ = {isa = PBXFileReference; explicitFileType = wrapper.cfbundle; includeInIndex = 0; path = Sub7Tests.xctest; sourceTree = BUILT_PRODUCTS_DIR; };
		7A8A1ABC1A894275006642F1 /* Info.plist */ = {isa = PBXFileReference; lastKnownFileType = text.plist.xml; path = Info.plist; sourceTree = "<group>"; };
		7A8A1ABD1A894275006642F1 /* Sub7Tests.m */ = {isa = PBXFileReference; lastKnownFileType = sourcecode.c.objc; path = Sub7Tests.m; sourceTree = "<group>"; };
		7A8A1AF71A8A8A5E006642F1 /* CustomCollectionViewCell.h */ = {isa = PBXFileReference; fileEncoding = 4; lastKnownFileType = sourcecode.c.h; path = CustomCollectionViewCell.h; sourceTree = "<group>"; };
		7A8A1AF81A8A8A5E006642F1 /* CustomCollectionViewCell.m */ = {isa = PBXFileReference; fileEncoding = 4; lastKnownFileType = sourcecode.c.objc; path = CustomCollectionViewCell.m; sourceTree = "<group>"; };
		7AA7F5BE1A8AF38400946EEE /* Bolts.framework */ = {isa = PBXFileReference; lastKnownFileType = wrapper.framework; path = Bolts.framework; sourceTree = "<group>"; };
		7AA7F5BF1A8AF38400946EEE /* Parse.framework */ = {isa = PBXFileReference; lastKnownFileType = wrapper.framework; path = Parse.framework; sourceTree = "<group>"; };
		7AA7F5C01A8AF38400946EEE /* ParseCrashReporting.framework */ = {isa = PBXFileReference; lastKnownFileType = wrapper.framework; path = ParseCrashReporting.framework; sourceTree = "<group>"; };
		7AA7F5C11A8AF38400946EEE /* ParseFacebookUtils.framework */ = {isa = PBXFileReference; lastKnownFileType = wrapper.framework; path = ParseFacebookUtils.framework; sourceTree = "<group>"; };
		7AA7F5C21A8AF38400946EEE /* ParseUI.framework */ = {isa = PBXFileReference; lastKnownFileType = wrapper.framework; path = ParseUI.framework; sourceTree = "<group>"; };
		7AA7F5C81A8B095700946EEE /* CustomFlowLayout.h */ = {isa = PBXFileReference; fileEncoding = 4; lastKnownFileType = sourcecode.c.h; path = CustomFlowLayout.h; sourceTree = "<group>"; };
		7AA7F5C91A8B095700946EEE /* CustomFlowLayout.m */ = {isa = PBXFileReference; fileEncoding = 4; lastKnownFileType = sourcecode.c.objc; path = CustomFlowLayout.m; sourceTree = "<group>"; };
		7AA7F5CB1A8B10FE00946EEE /* DetailViewController.h */ = {isa = PBXFileReference; fileEncoding = 4; lastKnownFileType = sourcecode.c.h; path = DetailViewController.h; sourceTree = "<group>"; };
		7AA7F5CC1A8B10FE00946EEE /* DetailViewController.m */ = {isa = PBXFileReference; fileEncoding = 4; lastKnownFileType = sourcecode.c.objc; path = DetailViewController.m; sourceTree = "<group>"; };
		7AA7F5CE1A8B117200946EEE /* MapDetailViewController.h */ = {isa = PBXFileReference; fileEncoding = 4; lastKnownFileType = sourcecode.c.h; path = MapDetailViewController.h; sourceTree = "<group>"; };
		7AA7F5CF1A8B117200946EEE /* MapDetailViewController.m */ = {isa = PBXFileReference; fileEncoding = 4; lastKnownFileType = sourcecode.c.objc; path = MapDetailViewController.m; sourceTree = "<group>"; };
		7AA7F5D11A8B11AD00946EEE /* CustoSandoViewController.h */ = {isa = PBXFileReference; fileEncoding = 4; lastKnownFileType = sourcecode.c.h; path = CustoSandoViewController.h; sourceTree = "<group>"; };
		7AA7F5D21A8B11AD00946EEE /* CustoSandoViewController.m */ = {isa = PBXFileReference; fileEncoding = 4; lastKnownFileType = sourcecode.c.objc; path = CustoSandoViewController.m; sourceTree = "<group>"; };
		7AA7F5D41A8B131E00946EEE /* MapKit.framework */ = {isa = PBXFileReference; lastKnownFileType = wrapper.framework; name = MapKit.framework; path = System/Library/Frameworks/MapKit.framework; sourceTree = SDKROOT; };
/* End PBXFileReference section */

/* Begin PBXFrameworksBuildPhase section */
		7A8A1A981A894275006642F1 /* Frameworks */ = {
			isa = PBXFrameworksBuildPhase;
			buildActionMask = 2147483647;
			files = (
				7AA7F5D51A8B131E00946EEE /* MapKit.framework in Frameworks */,
				57D69F251A8AE3FC00307834 /* libsqlite3.dylib in Frameworks */,
				57D69F231A8AE3F200307834 /* libz.dylib in Frameworks */,
				57D69F211A8AE3E700307834 /* SystemConfiguration.framework in Frameworks */,
				57D69F1F1A8AE3DC00307834 /* StoreKit.framework in Frameworks */,
				57D69F1D1A8AE3D200307834 /* Security.framework in Frameworks */,
				57D69F1B1A8AE3C800307834 /* QuartzCore.framework in Frameworks */,
				57D69F191A8AE3BE00307834 /* MobileCoreServices.framework in Frameworks */,
				57D69F171A8AE3B500307834 /* CoreLocation.framework in Frameworks */,
				57D69F151A8AE3AE00307834 /* CoreGraphics.framework in Frameworks */,
				7AA7F5C71A8AF38400946EEE /* ParseUI.framework in Frameworks */,
				57D69F131A8AE39E00307834 /* CFNetwork.framework in Frameworks */,
				7AA7F5C51A8AF38400946EEE /* ParseCrashReporting.framework in Frameworks */,
				7AA7F5C41A8AF38400946EEE /* Parse.framework in Frameworks */,
				57D69F111A8AE39400307834 /* AudioToolbox.framework in Frameworks */,
				7AA7F5C31A8AF38400946EEE /* Bolts.framework in Frameworks */,
				7AA7F5C61A8AF38400946EEE /* ParseFacebookUtils.framework in Frameworks */,
			);
			runOnlyForDeploymentPostprocessing = 0;
		};
		7A8A1AB41A894275006642F1 /* Frameworks */ = {
			isa = PBXFrameworksBuildPhase;
			buildActionMask = 2147483647;
			files = (
			);
			runOnlyForDeploymentPostprocessing = 0;
		};
/* End PBXFrameworksBuildPhase section */

/* Begin PBXGroup section */
		5775F9061A8C526E00B91A00 /* Model */ = {
			isa = PBXGroup;
			children = (
				7A8A1AF71A8A8A5E006642F1 /* CustomCollectionViewCell.h */,
				7A8A1AF81A8A8A5E006642F1 /* CustomCollectionViewCell.m */,
				7AA7F5C81A8B095700946EEE /* CustomFlowLayout.h */,
				7AA7F5C91A8B095700946EEE /* CustomFlowLayout.m */,
				5775F9001A8BEC1A00B91A00 /* Sando.h */,
				5775F9011A8BEC1A00B91A00 /* Sando.m */,
				5775F9021A8BEC1A00B91A00 /* Shop.h */,
				5775F9031A8BEC1A00B91A00 /* Shop.m */,
			);
			name = Model;
			sourceTree = "<group>";
		};
		5775F9071A8C529200B91A00 /* View */ = {
			isa = PBXGroup;
			children = (
				7A8A1AA81A894275006642F1 /* RootViewController.h */,
				7A8A1AA91A894275006642F1 /* RootViewController.m */,
				7AA7F5CB1A8B10FE00946EEE /* DetailViewController.h */,
				7AA7F5CC1A8B10FE00946EEE /* DetailViewController.m */,
				7AA7F5D11A8B11AD00946EEE /* CustoSandoViewController.h */,
				7AA7F5D21A8B11AD00946EEE /* CustoSandoViewController.m */,
				7AA7F5CE1A8B117200946EEE /* MapDetailViewController.h */,
				7AA7F5CF1A8B117200946EEE /* MapDetailViewController.m */,
			);
			name = View;
			sourceTree = "<group>";
		};
		7A8A1A921A894275006642F1 = {
			isa = PBXGroup;
			children = (
				7A8A1A9D1A894275006642F1 /* Sub7 */,
				7A8A1ABA1A894275006642F1 /* Sub7Tests */,
				7A8A1A9C1A894275006642F1 /* Products */,
			);
			sourceTree = "<group>";
		};
		7A8A1A9C1A894275006642F1 /* Products */ = {
			isa = PBXGroup;
			children = (
				7A8A1A9B1A894275006642F1 /* Sub7.app */,
				7A8A1AB71A894275006642F1 /* Sub7Tests.xctest */,
			);
			name = Products;
			sourceTree = "<group>";
		};
		7A8A1A9D1A894275006642F1 /* Sub7 */ = {
			isa = PBXGroup;
			children = (
				7A8A1AA21A894275006642F1 /* AppDelegate.h */,
				7A8A1AA31A894275006642F1 /* AppDelegate.m */,
				5775F9071A8C529200B91A00 /* View */,
				7A8A1AAB1A894275006642F1 /* Main.storyboard */,
				5775F9061A8C526E00B91A00 /* Model */,
				7A8A1AAE1A894275006642F1 /* Images.xcassets */,
				7A8A1AB01A894275006642F1 /* LaunchScreen.xib */,
				7A8A1AA51A894275006642F1 /* Sub7.xcdatamodeld */,
				7A8A1A9E1A894275006642F1 /* Supporting Files */,
			);
			path = Sub7;
			sourceTree = "<group>";
		};
		7A8A1A9E1A894275006642F1 /* Supporting Files */ = {
			isa = PBXGroup;
			children = (
				7AA7F5D41A8B131E00946EEE /* MapKit.framework */,
				7AA7F5BE1A8AF38400946EEE /* Bolts.framework */,
				7AA7F5BF1A8AF38400946EEE /* Parse.framework */,
				7AA7F5C01A8AF38400946EEE /* ParseCrashReporting.framework */,
				7AA7F5C11A8AF38400946EEE /* ParseFacebookUtils.framework */,
				7AA7F5C21A8AF38400946EEE /* ParseUI.framework */,
				57D69F241A8AE3FC00307834 /* libsqlite3.dylib */,
				57D69F221A8AE3F200307834 /* libz.dylib */,
				57D69F201A8AE3E700307834 /* SystemConfiguration.framework */,
				57D69F1E1A8AE3DC00307834 /* StoreKit.framework */,
				57D69F1C1A8AE3D200307834 /* Security.framework */,
				57D69F1A1A8AE3C800307834 /* QuartzCore.framework */,
				57D69F181A8AE3BE00307834 /* MobileCoreServices.framework */,
				57D69F161A8AE3B500307834 /* CoreLocation.framework */,
				57D69F141A8AE3AE00307834 /* CoreGraphics.framework */,
				57D69F121A8AE39E00307834 /* CFNetwork.framework */,
				57D69F101A8AE39400307834 /* AudioToolbox.framework */,
				7A8A1A9F1A894275006642F1 /* Info.plist */,
				7A8A1AA01A894275006642F1 /* main.m */,
			);
			name = "Supporting Files";
			sourceTree = "<group>";
		};
		7A8A1ABA1A894275006642F1 /* Sub7Tests */ = {
			isa = PBXGroup;
			children = (
				7A8A1ABD1A894275006642F1 /* Sub7Tests.m */,
				7A8A1ABB1A894275006642F1 /* Supporting Files */,
			);
			path = Sub7Tests;
			sourceTree = "<group>";
		};
		7A8A1ABB1A894275006642F1 /* Supporting Files */ = {
			isa = PBXGroup;
			children = (
				7A8A1ABC1A894275006642F1 /* Info.plist */,
			);
			name = "Supporting Files";
			sourceTree = "<group>";
		};
/* End PBXGroup section */

/* Begin PBXNativeTarget section */
		7A8A1A9A1A894275006642F1 /* Sub7 */ = {
			isa = PBXNativeTarget;
			buildConfigurationList = 7A8A1AC11A894275006642F1 /* Build configuration list for PBXNativeTarget "Sub7" */;
			buildPhases = (
				7A8A1A971A894275006642F1 /* Sources */,
				7A8A1A981A894275006642F1 /* Frameworks */,
				7A8A1A991A894275006642F1 /* Resources */,
			);
			buildRules = (
			);
			dependencies = (
			);
			name = Sub7;
			productName = Sub7;
			productReference = 7A8A1A9B1A894275006642F1 /* Sub7.app */;
			productType = "com.apple.product-type.application";
		};
		7A8A1AB61A894275006642F1 /* Sub7Tests */ = {
			isa = PBXNativeTarget;
			buildConfigurationList = 7A8A1AC41A894275006642F1 /* Build configuration list for PBXNativeTarget "Sub7Tests" */;
			buildPhases = (
				7A8A1AB31A894275006642F1 /* Sources */,
				7A8A1AB41A894275006642F1 /* Frameworks */,
				7A8A1AB51A894275006642F1 /* Resources */,
			);
			buildRules = (
			);
			dependencies = (
				7A8A1AB91A894275006642F1 /* PBXTargetDependency */,
			);
			name = Sub7Tests;
			productName = Sub7Tests;
			productReference = 7A8A1AB71A894275006642F1 /* Sub7Tests.xctest */;
			productType = "com.apple.product-type.bundle.unit-test";
		};
/* End PBXNativeTarget section */

/* Begin PBXProject section */
		7A8A1A931A894275006642F1 /* Project object */ = {
			isa = PBXProject;
			attributes = {
				LastUpgradeCheck = 0610;
				ORGANIZATIONNAME = "Clint Chilcott";
				TargetAttributes = {
					7A8A1A9A1A894275006642F1 = {
						CreatedOnToolsVersion = 6.1.1;
						DevelopmentTeam = NNYCX27J4X;
					};
					7A8A1AB61A894275006642F1 = {
						CreatedOnToolsVersion = 6.1.1;
						TestTargetID = 7A8A1A9A1A894275006642F1;
					};
				};
			};
			buildConfigurationList = 7A8A1A961A894275006642F1 /* Build configuration list for PBXProject "Sub7" */;
			compatibilityVersion = "Xcode 3.2";
			developmentRegion = English;
			hasScannedForEncodings = 0;
			knownRegions = (
				en,
				Base,
			);
			mainGroup = 7A8A1A921A894275006642F1;
			productRefGroup = 7A8A1A9C1A894275006642F1 /* Products */;
			projectDirPath = "";
			projectRoot = "";
			targets = (
				7A8A1A9A1A894275006642F1 /* Sub7 */,
				7A8A1AB61A894275006642F1 /* Sub7Tests */,
			);
		};
/* End PBXProject section */

/* Begin PBXResourcesBuildPhase section */
		7A8A1A991A894275006642F1 /* Resources */ = {
			isa = PBXResourcesBuildPhase;
			buildActionMask = 2147483647;
			files = (
				7A8A1AAD1A894275006642F1 /* Main.storyboard in Resources */,
				7A8A1AB21A894275006642F1 /* LaunchScreen.xib in Resources */,
				7A8A1AAF1A894275006642F1 /* Images.xcassets in Resources */,
			);
			runOnlyForDeploymentPostprocessing = 0;
		};
		7A8A1AB51A894275006642F1 /* Resources */ = {
			isa = PBXResourcesBuildPhase;
			buildActionMask = 2147483647;
			files = (
			);
			runOnlyForDeploymentPostprocessing = 0;
		};
/* End PBXResourcesBuildPhase section */

/* Begin PBXSourcesBuildPhase section */
		7A8A1A971A894275006642F1 /* Sources */ = {
			isa = PBXSourcesBuildPhase;
			buildActionMask = 2147483647;
			files = (
				7AA7F5CA1A8B095700946EEE /* CustomFlowLayout.m in Sources */,
				7A8A1AA41A894275006642F1 /* AppDelegate.m in Sources */,
				7A8A1AA11A894275006642F1 /* main.m in Sources */,
				7A8A1AAA1A894275006642F1 /* RootViewController.m in Sources */,
				7AA7F5D31A8B11AD00946EEE /* CustoSandoViewController.m in Sources */,
				5775F9051A8BEC1A00B91A00 /* Shop.m in Sources */,
				7AA7F5D01A8B117200946EEE /* MapDetailViewController.m in Sources */,
				7A8A1AA71A894275006642F1 /* Sub7.xcdatamodeld in Sources */,
				7A8A1AF91A8A8A5E006642F1 /* CustomCollectionViewCell.m in Sources */,
				7AA7F5CD1A8B10FE00946EEE /* DetailViewController.m in Sources */,
				5775F9041A8BEC1A00B91A00 /* Sando.m in Sources */,
			);
			runOnlyForDeploymentPostprocessing = 0;
		};
		7A8A1AB31A894275006642F1 /* Sources */ = {
			isa = PBXSourcesBuildPhase;
			buildActionMask = 2147483647;
			files = (
				7A8A1ABE1A894275006642F1 /* Sub7Tests.m in Sources */,
			);
			runOnlyForDeploymentPostprocessing = 0;
		};
/* End PBXSourcesBuildPhase section */

/* Begin PBXTargetDependency section */
		7A8A1AB91A894275006642F1 /* PBXTargetDependency */ = {
			isa = PBXTargetDependency;
			target = 7A8A1A9A1A894275006642F1 /* Sub7 */;
			targetProxy = 7A8A1AB81A894275006642F1 /* PBXContainerItemProxy */;
		};
/* End PBXTargetDependency section */

/* Begin PBXVariantGroup section */
		7A8A1AAB1A894275006642F1 /* Main.storyboard */ = {
			isa = PBXVariantGroup;
			children = (
				7A8A1AAC1A894275006642F1 /* Base */,
			);
			name = Main.storyboard;
			sourceTree = "<group>";
		};
		7A8A1AB01A894275006642F1 /* LaunchScreen.xib */ = {
			isa = PBXVariantGroup;
			children = (
				7A8A1AB11A894275006642F1 /* Base */,
			);
			name = LaunchScreen.xib;
			sourceTree = "<group>";
		};
/* End PBXVariantGroup section */

/* Begin XCBuildConfiguration section */
		7A8A1ABF1A894275006642F1 /* Debug */ = {
			isa = XCBuildConfiguration;
			buildSettings = {
				ALWAYS_SEARCH_USER_PATHS = NO;
				CLANG_CXX_LANGUAGE_STANDARD = "gnu++0x";
				CLANG_CXX_LIBRARY = "libc++";
				CLANG_ENABLE_MODULES = YES;
				CLANG_ENABLE_OBJC_ARC = YES;
				CLANG_WARN_BOOL_CONVERSION = YES;
				CLANG_WARN_CONSTANT_CONVERSION = YES;
				CLANG_WARN_DIRECT_OBJC_ISA_USAGE = YES_ERROR;
				CLANG_WARN_EMPTY_BODY = YES;
				CLANG_WARN_ENUM_CONVERSION = YES;
				CLANG_WARN_INT_CONVERSION = YES;
				CLANG_WARN_OBJC_ROOT_CLASS = YES_ERROR;
				CLANG_WARN_UNREACHABLE_CODE = YES;
				CLANG_WARN__DUPLICATE_METHOD_MATCH = YES;
				"CODE_SIGN_IDENTITY[sdk=iphoneos*]" = "iPhone Developer";
				COPY_PHASE_STRIP = NO;
				ENABLE_STRICT_OBJC_MSGSEND = YES;
				GCC_C_LANGUAGE_STANDARD = gnu99;
				GCC_DYNAMIC_NO_PIC = NO;
				GCC_OPTIMIZATION_LEVEL = 0;
				GCC_PREPROCESSOR_DEFINITIONS = (
					"DEBUG=1",
					"$(inherited)",
				);
				GCC_SYMBOLS_PRIVATE_EXTERN = NO;
				GCC_WARN_64_TO_32_BIT_CONVERSION = YES;
				GCC_WARN_ABOUT_RETURN_TYPE = YES_ERROR;
				GCC_WARN_UNDECLARED_SELECTOR = YES;
				GCC_WARN_UNINITIALIZED_AUTOS = YES_AGGRESSIVE;
				GCC_WARN_UNUSED_FUNCTION = YES;
				GCC_WARN_UNUSED_VARIABLE = YES;
				IPHONEOS_DEPLOYMENT_TARGET = 8.1;
				MTL_ENABLE_DEBUG_INFO = YES;
				ONLY_ACTIVE_ARCH = YES;
				SDKROOT = iphoneos;
			};
			name = Debug;
		};
		7A8A1AC01A894275006642F1 /* Release */ = {
			isa = XCBuildConfiguration;
			buildSettings = {
				ALWAYS_SEARCH_USER_PATHS = NO;
				CLANG_CXX_LANGUAGE_STANDARD = "gnu++0x";
				CLANG_CXX_LIBRARY = "libc++";
				CLANG_ENABLE_MODULES = YES;
				CLANG_ENABLE_OBJC_ARC = YES;
				CLANG_WARN_BOOL_CONVERSION = YES;
				CLANG_WARN_CONSTANT_CONVERSION = YES;
				CLANG_WARN_DIRECT_OBJC_ISA_USAGE = YES_ERROR;
				CLANG_WARN_EMPTY_BODY = YES;
				CLANG_WARN_ENUM_CONVERSION = YES;
				CLANG_WARN_INT_CONVERSION = YES;
				CLANG_WARN_OBJC_ROOT_CLASS = YES_ERROR;
				CLANG_WARN_UNREACHABLE_CODE = YES;
				CLANG_WARN__DUPLICATE_METHOD_MATCH = YES;
				"CODE_SIGN_IDENTITY[sdk=iphoneos*]" = "iPhone Developer";
				COPY_PHASE_STRIP = YES;
				ENABLE_NS_ASSERTIONS = NO;
				ENABLE_STRICT_OBJC_MSGSEND = YES;
				GCC_C_LANGUAGE_STANDARD = gnu99;
				GCC_WARN_64_TO_32_BIT_CONVERSION = YES;
				GCC_WARN_ABOUT_RETURN_TYPE = YES_ERROR;
				GCC_WARN_UNDECLARED_SELECTOR = YES;
				GCC_WARN_UNINITIALIZED_AUTOS = YES_AGGRESSIVE;
				GCC_WARN_UNUSED_FUNCTION = YES;
				GCC_WARN_UNUSED_VARIABLE = YES;
				IPHONEOS_DEPLOYMENT_TARGET = 8.1;
				MTL_ENABLE_DEBUG_INFO = NO;
				SDKROOT = iphoneos;
				VALIDATE_PRODUCT = YES;
			};
			name = Release;
		};
		7A8A1AC21A894275006642F1 /* Debug */ = {
			isa = XCBuildConfiguration;
			buildSettings = {
				ASSETCATALOG_COMPILER_APPICON_NAME = AppIcon;
				CODE_SIGN_IDENTITY = "iPhone Developer";
				"CODE_SIGN_IDENTITY[sdk=iphoneos*]" = "iPhone Developer";
				FRAMEWORK_SEARCH_PATHS = (
					"$(inherited)",
					"$(PROJECT_DIR)/parse-library-1",
					"$(PROJECT_DIR)/Sub7",
				);
				INFOPLIST_FILE = Sub7/Info.plist;
				LD_RUNPATH_SEARCH_PATHS = "$(inherited) @executable_path/Frameworks";
				PRODUCT_NAME = "$(TARGET_NAME)";
				PROVISIONING_PROFILE = "";
			};
			name = Debug;
		};
		7A8A1AC31A894275006642F1 /* Release */ = {
			isa = XCBuildConfiguration;
			buildSettings = {
				ASSETCATALOG_COMPILER_APPICON_NAME = AppIcon;
				CODE_SIGN_IDENTITY = "iPhone Developer";
				"CODE_SIGN_IDENTITY[sdk=iphoneos*]" = "iPhone Developer";
				FRAMEWORK_SEARCH_PATHS = (
					"$(inherited)",
					"$(PROJECT_DIR)/parse-library-1",
					"$(PROJECT_DIR)/Sub7",
				);
				INFOPLIST_FILE = Sub7/Info.plist;
				LD_RUNPATH_SEARCH_PATHS = "$(inherited) @executable_path/Frameworks";
				PRODUCT_NAME = "$(TARGET_NAME)";
				PROVISIONING_PROFILE = "";
			};
			name = Release;
		};
		7A8A1AC51A894275006642F1 /* Debug */ = {
			isa = XCBuildConfiguration;
			buildSettings = {
				BUNDLE_LOADER = "$(TEST_HOST)";
				FRAMEWORK_SEARCH_PATHS = (
					"$(SDKROOT)/Developer/Library/Frameworks",
					"$(inherited)",
				);
				GCC_PREPROCESSOR_DEFINITIONS = (
					"DEBUG=1",
					"$(inherited)",
				);
				INFOPLIST_FILE = Sub7Tests/Info.plist;
				LD_RUNPATH_SEARCH_PATHS = "$(inherited) @executable_path/Frameworks @loader_path/Frameworks";
				PRODUCT_NAME = "$(TARGET_NAME)";
				TEST_HOST = "$(BUILT_PRODUCTS_DIR)/Sub7.app/Sub7";
			};
			name = Debug;
		};
		7A8A1AC61A894275006642F1 /* Release */ = {
			isa = XCBuildConfiguration;
			buildSettings = {
				BUNDLE_LOADER = "$(TEST_HOST)";
				FRAMEWORK_SEARCH_PATHS = (
					"$(SDKROOT)/Developer/Library/Frameworks",
					"$(inherited)",
				);
				INFOPLIST_FILE = Sub7Tests/Info.plist;
				LD_RUNPATH_SEARCH_PATHS = "$(inherited) @executable_path/Frameworks @loader_path/Frameworks";
				PRODUCT_NAME = "$(TARGET_NAME)";
				TEST_HOST = "$(BUILT_PRODUCTS_DIR)/Sub7.app/Sub7";
			};
			name = Release;
		};
/* End XCBuildConfiguration section */

/* Begin XCConfigurationList section */
		7A8A1A961A894275006642F1 /* Build configuration list for PBXProject "Sub7" */ = {
			isa = XCConfigurationList;
			buildConfigurations = (
				7A8A1ABF1A894275006642F1 /* Debug */,
				7A8A1AC01A894275006642F1 /* Release */,
			);
			defaultConfigurationIsVisible = 0;
			defaultConfigurationName = Release;
		};
		7A8A1AC11A894275006642F1 /* Build configuration list for PBXNativeTarget "Sub7" */ = {
			isa = XCConfigurationList;
			buildConfigurations = (
				7A8A1AC21A894275006642F1 /* Debug */,
				7A8A1AC31A894275006642F1 /* Release */,
			);
			defaultConfigurationIsVisible = 0;
			defaultConfigurationName = Release;
		};
		7A8A1AC41A894275006642F1 /* Build configuration list for PBXNativeTarget "Sub7Tests" */ = {
			isa = XCConfigurationList;
			buildConfigurations = (
				7A8A1AC51A894275006642F1 /* Debug */,
				7A8A1AC61A894275006642F1 /* Release */,
			);
			defaultConfigurationIsVisible = 0;
			defaultConfigurationName = Release;
		};
/* End XCConfigurationList section */

/* Begin XCVersionGroup section */
		7A8A1AA51A894275006642F1 /* Sub7.xcdatamodeld */ = {
			isa = XCVersionGroup;
			children = (
				7A8A1AA61A894275006642F1 /* Sub7.xcdatamodel */,
			);
			currentVersion = 7A8A1AA61A894275006642F1 /* Sub7.xcdatamodel */;
			path = Sub7.xcdatamodeld;
			sourceTree = "<group>";
			versionGroupType = wrapper.xcdatamodel;
		};
/* End XCVersionGroup section */
	};
	rootObject = 7A8A1A931A894275006642F1 /* Project object */;
}
