// !$*UTF8*$!
{
	archiveVersion = 1;
	classes = {
	};
	objectVersion = 46;
	objects = {

/* Begin PBXBuildFile section */
		2F1270A01A8D331E0045090D /* UIKit.framework in Frameworks */ = {isa = PBXBuildFile; fileRef = 2F12709F1A8D331E0045090D /* UIKit.framework */; };
		2F1270A21A8D33440045090D /* Foundation.framework in Frameworks */ = {isa = PBXBuildFile; fileRef = 2F1270A11A8D33440045090D /* Foundation.framework */; };
		2F1270B61A9322120045090D /* FindCurrentLocationViewController.m in Sources */ = {isa = PBXBuildFile; fileRef = 2F1270B51A9322120045090D /* FindCurrentLocationViewController.m */; };
		2F1270B91A93AEC80045090D /* Sub.m in Sources */ = {isa = PBXBuildFile; fileRef = 2F1270B81A93AEC80045090D /* Sub.m */; };
		2F87DAE51A9D299400469D29 /* GetSubs.m in Sources */ = {isa = PBXBuildFile; fileRef = 2F87DAE41A9D299400469D29 /* GetSubs.m */; };
		2FA3C5DC1A9EBCA40036CA01 /* MapViewController.m in Sources */ = {isa = PBXBuildFile; fileRef = 2FA3C5DB1A9EBCA40036CA01 /* MapViewController.m */; };
		2FC0CF0A1A98353E004F975C /* JBParallaxCell.m in Sources */ = {isa = PBXBuildFile; fileRef = 2FC0CF091A98353D004F975C /* JBParallaxCell.m */; };
		5775F9051A8BEC1A00B91A00 /* Shop.m in Sources */ = {isa = PBXBuildFile; fileRef = 5775F9031A8BEC1A00B91A00 /* Shop.m */; };
		57D69F111A8AE39400307834 /* AudioToolbox.framework in Frameworks */ = {isa = PBXBuildFile; fileRef = 57D69F101A8AE39400307834 /* AudioToolbox.framework */; };
		57D69F131A8AE39E00307834 /* CFNetwork.framework in Frameworks */ = {isa = PBXBuildFile; fileRef = 57D69F121A8AE39E00307834 /* CFNetwork.framework */; };
		57D69F151A8AE3AE00307834 /* CoreGraphics.framework in Frameworks */ = {isa = PBXBuildFile; fileRef = 57D69F141A8AE3AE00307834 /* CoreGraphics.framework */; };
		57D69F171A8AE3B500307834 /* CoreLocation.framework in Frameworks */ = {isa = PBXBuildFile; fileRef = 57D69F161A8AE3B500307834 /* CoreLocation.framework */; };
		57D69F191A8AE3BE00307834 /* MobileCoreServices.framework in Frameworks */ = {isa = PBXBuildFile; fileRef = 57D69F181A8AE3BE00307834 /* MobileCoreServices.framework */; };
		57D69F1B1A8AE3C800307834 /* QuartzCore.framework in Frameworks */ = {isa = PBXBuildFile; fileRef = 57D69F1A1A8AE3C800307834 /* QuartzCore.framework */; };
		57D69F1D1A8AE3D200307834 /* Security.framework in Frameworks */ = {isa = PBXBuildFile; fileRef = 57D69F1C1A8AE3D200307834 /* Security.framework */; };
		57D69F1F1A8AE3DC00307834 /* StoreKit.framework in Frameworks */ = {isa = PBXBuildFile; fileRef = 57D69F1E1A8AE3DC00307834 /* StoreKit.framework */; };
		57D69F211A8AE3E700307834 /* SystemConfiguration.framework in Frameworks */ = {isa = PBXBuildFile; fileRef = 57D69F201A8AE3E700307834 /* SystemConfiguration.framework */; };
		57D69F231A8AE3F200307834 /* libz.dylib in Frameworks */ = {isa = PBXBuildFile; fileRef = 57D69F221A8AE3F200307834 /* libz.dylib */; };
		57D69F251A8AE3FC00307834 /* libsqlite3.dylib in Frameworks */ = {isa = PBXBuildFile; fileRef = 57D69F241A8AE3FC00307834 /* libsqlite3.dylib */; };
		7A0DD5C61A8D2CC100F2DA02 /* ShopEditViewController.m in Sources */ = {isa = PBXBuildFile; fileRef = 7A0DD5C51A8D2CC100F2DA02 /* ShopEditViewController.m */; };
		7A8A1AA11A894275006642F1 /* main.m in Sources */ = {isa = PBXBuildFile; fileRef = 7A8A1AA01A894275006642F1 /* main.m */; };
		7A8A1AA41A894275006642F1 /* AppDelegate.m in Sources */ = {isa = PBXBuildFile; fileRef = 7A8A1AA31A894275006642F1 /* AppDelegate.m */; };
		7A8A1AA71A894275006642F1 /* Sub7.xcdatamodeld in Sources */ = {isa = PBXBuildFile; fileRef = 7A8A1AA51A894275006642F1 /* Sub7.xcdatamodeld */; };
		7A8A1AAA1A894275006642F1 /* RootViewController.m in Sources */ = {isa = PBXBuildFile; fileRef = 7A8A1AA91A894275006642F1 /* RootViewController.m */; };
		7A8A1AAD1A894275006642F1 /* Main.storyboard in Resources */ = {isa = PBXBuildFile; fileRef = 7A8A1AAB1A894275006642F1 /* Main.storyboard */; };
		7A8A1AAF1A894275006642F1 /* Images.xcassets in Resources */ = {isa = PBXBuildFile; fileRef = 7A8A1AAE1A894275006642F1 /* Images.xcassets */; };
		7A8A1AB21A894275006642F1 /* LaunchScreen.xib in Resources */ = {isa = PBXBuildFile; fileRef = 7A8A1AB01A894275006642F1 /* LaunchScreen.xib */; };
		7A8A1ABE1A894275006642F1 /* Sub7Tests.m in Sources */ = {isa = PBXBuildFile; fileRef = 7A8A1ABD1A894275006642F1 /* Sub7Tests.m */; };
		7A9F5DE31A955D54004F6395 /* AllShopsViewController.m in Sources */ = {isa = PBXBuildFile; fileRef = 7A9F5DE21A955D54004F6395 /* AllShopsViewController.m */; };
		7A9F5DE61A964F35004F6395 /* AllSubsViewController.m in Sources */ = {isa = PBXBuildFile; fileRef = 7A9F5DE51A964F35004F6395 /* AllSubsViewController.m */; };
		7A9F5DE91A965AB5004F6395 /* SubEditViewController.m in Sources */ = {isa = PBXBuildFile; fileRef = 7A9F5DE81A965AB5004F6395 /* SubEditViewController.m */; };
		7AA0EFDF1A9D9D5800E49E3D /* PhoneNumberFormatter.m in Sources */ = {isa = PBXBuildFile; fileRef = 7AA0EFDE1A9D9D5800E49E3D /* PhoneNumberFormatter.m */; };
		7AA0EFE21A9E0EF700E49E3D /* TableViewCellAsHeader.m in Sources */ = {isa = PBXBuildFile; fileRef = 7AA0EFE11A9E0EF700E49E3D /* TableViewCellAsHeader.m */; };
		7AA7F5C31A8AF38400946EEE /* Bolts.framework in Frameworks */ = {isa = PBXBuildFile; fileRef = 7AA7F5BE1A8AF38400946EEE /* Bolts.framework */; };
		7AA7F5C41A8AF38400946EEE /* Parse.framework in Frameworks */ = {isa = PBXBuildFile; fileRef = 7AA7F5BF1A8AF38400946EEE /* Parse.framework */; };
		7AA7F5C51A8AF38400946EEE /* ParseCrashReporting.framework in Frameworks */ = {isa = PBXBuildFile; fileRef = 7AA7F5C01A8AF38400946EEE /* ParseCrashReporting.framework */; };
		7AA7F5C61A8AF38400946EEE /* ParseFacebookUtils.framework in Frameworks */ = {isa = PBXBuildFile; fileRef = 7AA7F5C11A8AF38400946EEE /* ParseFacebookUtils.framework */; };
		7AA7F5C71A8AF38400946EEE /* ParseUI.framework in Frameworks */ = {isa = PBXBuildFile; fileRef = 7AA7F5C21A8AF38400946EEE /* ParseUI.framework */; };
		7AA7F5CD1A8B10FE00946EEE /* DetailViewController.m in Sources */ = {isa = PBXBuildFile; fileRef = 7AA7F5CC1A8B10FE00946EEE /* DetailViewController.m */; };
		7AA7F5D31A8B11AD00946EEE /* CustoSandoViewController.m in Sources */ = {isa = PBXBuildFile; fileRef = 7AA7F5D21A8B11AD00946EEE /* CustoSandoViewController.m */; };
		7AA7F5D51A8B131E00946EEE /* MapKit.framework in Frameworks */ = {isa = PBXBuildFile; fileRef = 7AA7F5D41A8B131E00946EEE /* MapKit.framework */; };
		7AB1F3B31A9EC6B50083BF80 /* JPSCameraButton.m in Sources */ = {isa = PBXBuildFile; fileRef = 7AB1F3AB1A9EC6B50083BF80 /* JPSCameraButton.m */; };
		7AB1F3B41A9EC6B50083BF80 /* JPSImagePickerController.bundle in Resources */ = {isa = PBXBuildFile; fileRef = 7AB1F3AC1A9EC6B50083BF80 /* JPSImagePickerController.bundle */; };
		7AB1F3B51A9EC6B50083BF80 /* JPSImagePickerController.m in Sources */ = {isa = PBXBuildFile; fileRef = 7AB1F3AE1A9EC6B50083BF80 /* JPSImagePickerController.m */; };
		7AB1F3B61A9EC6B50083BF80 /* JPSVolumeButtonHandler.m in Sources */ = {isa = PBXBuildFile; fileRef = 7AB1F3B01A9EC6B50083BF80 /* JPSVolumeButtonHandler.m */; };
		7AB1F3B71A9EC6B50083BF80 /* UIImage+DrawBlock.m in Sources */ = {isa = PBXBuildFile; fileRef = 7AB1F3B21A9EC6B50083BF80 /* UIImage+DrawBlock.m */; };
		7ABA093C1A9D040C008513EB /* SuggestConfirmViewController.m in Sources */ = {isa = PBXBuildFile; fileRef = 7ABA093B1A9D040C008513EB /* SuggestConfirmViewController.m */; };
		7ABA093F1A9D0422008513EB /* SuggestShopViewController.m in Sources */ = {isa = PBXBuildFile; fileRef = 7ABA093E1A9D0422008513EB /* SuggestShopViewController.m */; };
		7ABA09421A9D0433008513EB /* SuggestSubViewController.m in Sources */ = {isa = PBXBuildFile; fileRef = 7ABA09411A9D0433008513EB /* SuggestSubViewController.m */; };
/* End PBXBuildFile section */

/* Begin PBXContainerItemProxy section */
		7A8A1AB81A894275006642F1 /* PBXContainerItemProxy */ = {
			isa = PBXContainerItemProxy;
			containerPortal = 7A8A1A931A894275006642F1 /* Project object */;
			proxyType = 1;
			remoteGlobalIDString = 7A8A1A9A1A894275006642F1;
			remoteInfo = Sub7;
		};
/* End PBXContainerItemProxy section */

/* Begin PBXFileReference section */
		2F12709F1A8D331E0045090D /* UIKit.framework */ = {isa = PBXFileReference; lastKnownFileType = wrapper.framework; name = UIKit.framework; path = System/Library/Frameworks/UIKit.framework; sourceTree = SDKROOT; };
		2F1270A11A8D33440045090D /* Foundation.framework */ = {isa = PBXFileReference; lastKnownFileType = wrapper.framework; name = Foundation.framework; path = System/Library/Frameworks/Foundation.framework; sourceTree = SDKROOT; };
		2F1270B41A9322120045090D /* FindCurrentLocationViewController.h */ = {isa = PBXFileReference; fileEncoding = 4; lastKnownFileType = sourcecode.c.h; path = FindCurrentLocationViewController.h; sourceTree = "<group>"; };
		2F1270B51A9322120045090D /* FindCurrentLocationViewController.m */ = {isa = PBXFileReference; fileEncoding = 4; lastKnownFileType = sourcecode.c.objc; path = FindCurrentLocationViewController.m; sourceTree = "<group>"; };
		2F1270B71A93AEC80045090D /* Sub.h */ = {isa = PBXFileReference; fileEncoding = 4; lastKnownFileType = sourcecode.c.h; path = Sub.h; sourceTree = "<group>"; };
		2F1270B81A93AEC80045090D /* Sub.m */ = {isa = PBXFileReference; fileEncoding = 4; lastKnownFileType = sourcecode.c.objc; path = Sub.m; sourceTree = "<group>"; };
		2F87DAE31A9D299400469D29 /* GetSubs.h */ = {isa = PBXFileReference; fileEncoding = 4; lastKnownFileType = sourcecode.c.h; name = GetSubs.h; path = ../GetSubs.h; sourceTree = "<group>"; };
		2F87DAE41A9D299400469D29 /* GetSubs.m */ = {isa = PBXFileReference; fileEncoding = 4; lastKnownFileType = sourcecode.c.objc; name = GetSubs.m; path = ../GetSubs.m; sourceTree = "<group>"; };
		2FA3C5DA1A9EBCA40036CA01 /* MapViewController.h */ = {isa = PBXFileReference; fileEncoding = 4; lastKnownFileType = sourcecode.c.h; path = MapViewController.h; sourceTree = "<group>"; };
		2FA3C5DB1A9EBCA40036CA01 /* MapViewController.m */ = {isa = PBXFileReference; fileEncoding = 4; lastKnownFileType = sourcecode.c.objc; path = MapViewController.m; sourceTree = "<group>"; };
		2FC0CF081A983534004F975C /* JBParallaxCell.h */ = {isa = PBXFileReference; lastKnownFileType = sourcecode.c.h; path = JBParallaxCell.h; sourceTree = "<group>"; };
		2FC0CF091A98353D004F975C /* JBParallaxCell.m */ = {isa = PBXFileReference; fileEncoding = 4; lastKnownFileType = sourcecode.c.objc; path = JBParallaxCell.m; sourceTree = "<group>"; };
		5775F9021A8BEC1A00B91A00 /* Shop.h */ = {isa = PBXFileReference; fileEncoding = 4; lastKnownFileType = sourcecode.c.h; path = Shop.h; sourceTree = "<group>"; };
		5775F9031A8BEC1A00B91A00 /* Shop.m */ = {isa = PBXFileReference; fileEncoding = 4; lastKnownFileType = sourcecode.c.objc; path = Shop.m; sourceTree = "<group>"; };
		57D69F101A8AE39400307834 /* AudioToolbox.framework */ = {isa = PBXFileReference; lastKnownFileType = wrapper.framework; name = AudioToolbox.framework; path = System/Library/Frameworks/AudioToolbox.framework; sourceTree = SDKROOT; };
		57D69F121A8AE39E00307834 /* CFNetwork.framework */ = {isa = PBXFileReference; lastKnownFileType = wrapper.framework; name = CFNetwork.framework; path = System/Library/Frameworks/CFNetwork.framework; sourceTree = SDKROOT; };
		57D69F141A8AE3AE00307834 /* CoreGraphics.framework */ = {isa = PBXFileReference; lastKnownFileType = wrapper.framework; name = CoreGraphics.framework; path = System/Library/Frameworks/CoreGraphics.framework; sourceTree = SDKROOT; };
		57D69F161A8AE3B500307834 /* CoreLocation.framework */ = {isa = PBXFileReference; lastKnownFileType = wrapper.framework; name = CoreLocation.framework; path = System/Library/Frameworks/CoreLocation.framework; sourceTree = SDKROOT; };
		57D69F181A8AE3BE00307834 /* MobileCoreServices.framework */ = {isa = PBXFileReference; lastKnownFileType = wrapper.framework; name = MobileCoreServices.framework; path = System/Library/Frameworks/MobileCoreServices.framework; sourceTree = SDKROOT; };
		57D69F1A1A8AE3C800307834 /* QuartzCore.framework */ = {isa = PBXFileReference; lastKnownFileType = wrapper.framework; name = QuartzCore.framework; path = System/Library/Frameworks/QuartzCore.framework; sourceTree = SDKROOT; };
		57D69F1C1A8AE3D200307834 /* Security.framework */ = {isa = PBXFileReference; lastKnownFileType = wrapper.framework; name = Security.framework; path = System/Library/Frameworks/Security.framework; sourceTree = SDKROOT; };
		57D69F1E1A8AE3DC00307834 /* StoreKit.framework */ = {isa = PBXFileReference; lastKnownFileType = wrapper.framework; name = StoreKit.framework; path = System/Library/Frameworks/StoreKit.framework; sourceTree = SDKROOT; };
		57D69F201A8AE3E700307834 /* SystemConfiguration.framework */ = {isa = PBXFileReference; lastKnownFileType = wrapper.framework; name = SystemConfiguration.framework; path = System/Library/Frameworks/SystemConfiguration.framework; sourceTree = SDKROOT; };
		57D69F221A8AE3F200307834 /* libz.dylib */ = {isa = PBXFileReference; lastKnownFileType = "compiled.mach-o.dylib"; name = libz.dylib; path = usr/lib/libz.dylib; sourceTree = SDKROOT; };
		57D69F241A8AE3FC00307834 /* libsqlite3.dylib */ = {isa = PBXFileReference; lastKnownFileType = "compiled.mach-o.dylib"; name = libsqlite3.dylib; path = usr/lib/libsqlite3.dylib; sourceTree = SDKROOT; };
		7A0DD5C41A8D2CC100F2DA02 /* ShopEditViewController.h */ = {isa = PBXFileReference; fileEncoding = 4; lastKnownFileType = sourcecode.c.h; path = ShopEditViewController.h; sourceTree = "<group>"; };
		7A0DD5C51A8D2CC100F2DA02 /* ShopEditViewController.m */ = {isa = PBXFileReference; fileEncoding = 4; lastKnownFileType = sourcecode.c.objc; path = ShopEditViewController.m; sourceTree = "<group>"; };
		7A8A1A9B1A894275006642F1 /* Sub7.app */ = {isa = PBXFileReference; explicitFileType = wrapper.application; includeInIndex = 0; path = Sub7.app; sourceTree = BUILT_PRODUCTS_DIR; };
		7A8A1A9F1A894275006642F1 /* Info.plist */ = {isa = PBXFileReference; lastKnownFileType = text.plist.xml; path = Info.plist; sourceTree = "<group>"; };
		7A8A1AA01A894275006642F1 /* main.m */ = {isa = PBXFileReference; lastKnownFileType = sourcecode.c.objc; path = main.m; sourceTree = "<group>"; };
		7A8A1AA21A894275006642F1 /* AppDelegate.h */ = {isa = PBXFileReference; lastKnownFileType = sourcecode.c.h; path = AppDelegate.h; sourceTree = "<group>"; };
		7A8A1AA31A894275006642F1 /* AppDelegate.m */ = {isa = PBXFileReference; lastKnownFileType = sourcecode.c.objc; path = AppDelegate.m; sourceTree = "<group>"; };
		7A8A1AA61A894275006642F1 /* Sub7.xcdatamodel */ = {isa = PBXFileReference; lastKnownFileType = wrapper.xcdatamodel; path = Sub7.xcdatamodel; sourceTree = "<group>"; };
		7A8A1AA81A894275006642F1 /* RootViewController.h */ = {isa = PBXFileReference; lastKnownFileType = sourcecode.c.h; path = RootViewController.h; sourceTree = "<group>"; };
		7A8A1AA91A894275006642F1 /* RootViewController.m */ = {isa = PBXFileReference; lastKnownFileType = sourcecode.c.objc; path = RootViewController.m; sourceTree = "<group>"; };
		7A8A1AAC1A894275006642F1 /* Base */ = {isa = PBXFileReference; lastKnownFileType = file.storyboard; name = Base; path = Base.lproj/Main.storyboard; sourceTree = "<group>"; };
		7A8A1AAE1A894275006642F1 /* Images.xcassets */ = {isa = PBXFileReference; lastKnownFileType = folder.assetcatalog; path = Images.xcassets; sourceTree = "<group>"; };
		7A8A1AB11A894275006642F1 /* Base */ = {isa = PBXFileReference; lastKnownFileType = file.xib; name = Base; path = Base.lproj/LaunchScreen.xib; sourceTree = "<group>"; };
		7A8A1AB71A894275006642F1 /* Sub7Tests.xctest */ = {isa = PBXFileReference; explicitFileType = wrapper.cfbundle; includeInIndex = 0; path = Sub7Tests.xctest; sourceTree = BUILT_PRODUCTS_DIR; };
		7A8A1ABC1A894275006642F1 /* Info.plist */ = {isa = PBXFileReference; lastKnownFileType = text.plist.xml; path = Info.plist; sourceTree = "<group>"; };
		7A8A1ABD1A894275006642F1 /* Sub7Tests.m */ = {isa = PBXFileReference; lastKnownFileType = sourcecode.c.objc; path = Sub7Tests.m; sourceTree = "<group>"; };
		7A9F5DE11A955D54004F6395 /* AllShopsViewController.h */ = {isa = PBXFileReference; fileEncoding = 4; lastKnownFileType = sourcecode.c.h; path = AllShopsViewController.h; sourceTree = "<group>"; };
		7A9F5DE21A955D54004F6395 /* AllShopsViewController.m */ = {isa = PBXFileReference; fileEncoding = 4; lastKnownFileType = sourcecode.c.objc; path = AllShopsViewController.m; sourceTree = "<group>"; };
		7A9F5DE41A964F35004F6395 /* AllSubsViewController.h */ = {isa = PBXFileReference; fileEncoding = 4; lastKnownFileType = sourcecode.c.h; path = AllSubsViewController.h; sourceTree = "<group>"; };
		7A9F5DE51A964F35004F6395 /* AllSubsViewController.m */ = {isa = PBXFileReference; fileEncoding = 4; lastKnownFileType = sourcecode.c.objc; path = AllSubsViewController.m; sourceTree = "<group>"; };
		7A9F5DE71A965AB5004F6395 /* SubEditViewController.h */ = {isa = PBXFileReference; fileEncoding = 4; lastKnownFileType = sourcecode.c.h; path = SubEditViewController.h; sourceTree = "<group>"; };
		7A9F5DE81A965AB5004F6395 /* SubEditViewController.m */ = {isa = PBXFileReference; fileEncoding = 4; lastKnownFileType = sourcecode.c.objc; path = SubEditViewController.m; sourceTree = "<group>"; };
		7AA0EFDD1A9D9D5800E49E3D /* PhoneNumberFormatter.h */ = {isa = PBXFileReference; fileEncoding = 4; lastKnownFileType = sourcecode.c.h; path = PhoneNumberFormatter.h; sourceTree = "<group>"; };
		7AA0EFDE1A9D9D5800E49E3D /* PhoneNumberFormatter.m */ = {isa = PBXFileReference; fileEncoding = 4; lastKnownFileType = sourcecode.c.objc; path = PhoneNumberFormatter.m; sourceTree = "<group>"; };
		7AA0EFE01A9E0EF700E49E3D /* TableViewCellAsHeader.h */ = {isa = PBXFileReference; fileEncoding = 4; lastKnownFileType = sourcecode.c.h; path = TableViewCellAsHeader.h; sourceTree = "<group>"; };
		7AA0EFE11A9E0EF700E49E3D /* TableViewCellAsHeader.m */ = {isa = PBXFileReference; fileEncoding = 4; lastKnownFileType = sourcecode.c.objc; path = TableViewCellAsHeader.m; sourceTree = "<group>"; };
		7AA7F5BE1A8AF38400946EEE /* Bolts.framework */ = {isa = PBXFileReference; lastKnownFileType = wrapper.framework; path = Bolts.framework; sourceTree = "<group>"; };
		7AA7F5BF1A8AF38400946EEE /* Parse.framework */ = {isa = PBXFileReference; lastKnownFileType = wrapper.framework; path = Parse.framework; sourceTree = "<group>"; };
		7AA7F5C01A8AF38400946EEE /* ParseCrashReporting.framework */ = {isa = PBXFileReference; lastKnownFileType = wrapper.framework; path = ParseCrashReporting.framework; sourceTree = "<group>"; };
		7AA7F5C11A8AF38400946EEE /* ParseFacebookUtils.framework */ = {isa = PBXFileReference; lastKnownFileType = wrapper.framework; path = ParseFacebookUtils.framework; sourceTree = "<group>"; };
		7AA7F5C21A8AF38400946EEE /* ParseUI.framework */ = {isa = PBXFileReference; lastKnownFileType = wrapper.framework; path = ParseUI.framework; sourceTree = "<group>"; };
		7AA7F5CB1A8B10FE00946EEE /* DetailViewController.h */ = {isa = PBXFileReference; fileEncoding = 4; lastKnownFileType = sourcecode.c.h; path = DetailViewController.h; sourceTree = "<group>"; };
		7AA7F5CC1A8B10FE00946EEE /* DetailViewController.m */ = {isa = PBXFileReference; fileEncoding = 4; lastKnownFileType = sourcecode.c.objc; path = DetailViewController.m; sourceTree = "<group>"; };
		7AA7F5D11A8B11AD00946EEE /* CustoSandoViewController.h */ = {isa = PBXFileReference; fileEncoding = 4; lastKnownFileType = sourcecode.c.h; path = CustoSandoViewController.h; sourceTree = "<group>"; };
		7AA7F5D21A8B11AD00946EEE /* CustoSandoViewController.m */ = {isa = PBXFileReference; fileEncoding = 4; lastKnownFileType = sourcecode.c.objc; path = CustoSandoViewController.m; sourceTree = "<group>"; };
		7AA7F5D41A8B131E00946EEE /* MapKit.framework */ = {isa = PBXFileReference; lastKnownFileType = wrapper.framework; name = MapKit.framework; path = System/Library/Frameworks/MapKit.framework; sourceTree = SDKROOT; };
		7AB1F3AA1A9EC6B50083BF80 /* JPSCameraButton.h */ = {isa = PBXFileReference; fileEncoding = 4; lastKnownFileType = sourcecode.c.h; path = JPSCameraButton.h; sourceTree = "<group>"; };
		7AB1F3AB1A9EC6B50083BF80 /* JPSCameraButton.m */ = {isa = PBXFileReference; fileEncoding = 4; lastKnownFileType = sourcecode.c.objc; path = JPSCameraButton.m; sourceTree = "<group>"; };
		7AB1F3AC1A9EC6B50083BF80 /* JPSImagePickerController.bundle */ = {isa = PBXFileReference; lastKnownFileType = "wrapper.plug-in"; path = JPSImagePickerController.bundle; sourceTree = "<group>"; };
		7AB1F3AD1A9EC6B50083BF80 /* JPSImagePickerController.h */ = {isa = PBXFileReference; fileEncoding = 4; lastKnownFileType = sourcecode.c.h; path = JPSImagePickerController.h; sourceTree = "<group>"; };
		7AB1F3AE1A9EC6B50083BF80 /* JPSImagePickerController.m */ = {isa = PBXFileReference; fileEncoding = 4; lastKnownFileType = sourcecode.c.objc; path = JPSImagePickerController.m; sourceTree = "<group>"; };
		7AB1F3AF1A9EC6B50083BF80 /* JPSVolumeButtonHandler.h */ = {isa = PBXFileReference; fileEncoding = 4; lastKnownFileType = sourcecode.c.h; path = JPSVolumeButtonHandler.h; sourceTree = "<group>"; };
		7AB1F3B01A9EC6B50083BF80 /* JPSVolumeButtonHandler.m */ = {isa = PBXFileReference; fileEncoding = 4; lastKnownFileType = sourcecode.c.objc; path = JPSVolumeButtonHandler.m; sourceTree = "<group>"; };
		7AB1F3B11A9EC6B50083BF80 /* UIImage+DrawBlock.h */ = {isa = PBXFileReference; fileEncoding = 4; lastKnownFileType = sourcecode.c.h; path = "UIImage+DrawBlock.h"; sourceTree = "<group>"; };
		7AB1F3B21A9EC6B50083BF80 /* UIImage+DrawBlock.m */ = {isa = PBXFileReference; fileEncoding = 4; lastKnownFileType = sourcecode.c.objc; path = "UIImage+DrawBlock.m"; sourceTree = "<group>"; };
		7ABA093A1A9D040C008513EB /* SuggestConfirmViewController.h */ = {isa = PBXFileReference; fileEncoding = 4; lastKnownFileType = sourcecode.c.h; path = SuggestConfirmViewController.h; sourceTree = "<group>"; };
		7ABA093B1A9D040C008513EB /* SuggestConfirmViewController.m */ = {isa = PBXFileReference; fileEncoding = 4; lastKnownFileType = sourcecode.c.objc; path = SuggestConfirmViewController.m; sourceTree = "<group>"; };
		7ABA093D1A9D0422008513EB /* SuggestShopViewController.h */ = {isa = PBXFileReference; fileEncoding = 4; lastKnownFileType = sourcecode.c.h; path = SuggestShopViewController.h; sourceTree = "<group>"; };
		7ABA093E1A9D0422008513EB /* SuggestShopViewController.m */ = {isa = PBXFileReference; fileEncoding = 4; lastKnownFileType = sourcecode.c.objc; path = SuggestShopViewController.m; sourceTree = "<group>"; };
		7ABA09401A9D0433008513EB /* SuggestSubViewController.h */ = {isa = PBXFileReference; fileEncoding = 4; lastKnownFileType = sourcecode.c.h; path = SuggestSubViewController.h; sourceTree = "<group>"; };
		7ABA09411A9D0433008513EB /* SuggestSubViewController.m */ = {isa = PBXFileReference; fileEncoding = 4; lastKnownFileType = sourcecode.c.objc; path = SuggestSubViewController.m; sourceTree = "<group>"; };
/* End PBXFileReference section */

/* Begin PBXFrameworksBuildPhase section */
		7A8A1A981A894275006642F1 /* Frameworks */ = {
			isa = PBXFrameworksBuildPhase;
			buildActionMask = 2147483647;
			files = (
				2F1270A21A8D33440045090D /* Foundation.framework in Frameworks */,
				2F1270A01A8D331E0045090D /* UIKit.framework in Frameworks */,
				7AA7F5D51A8B131E00946EEE /* MapKit.framework in Frameworks */,
				57D69F251A8AE3FC00307834 /* libsqlite3.dylib in Frameworks */,
				57D69F231A8AE3F200307834 /* libz.dylib in Frameworks */,
				57D69F211A8AE3E700307834 /* SystemConfiguration.framework in Frameworks */,
				57D69F1F1A8AE3DC00307834 /* StoreKit.framework in Frameworks */,
				57D69F1D1A8AE3D200307834 /* Security.framework in Frameworks */,
				57D69F1B1A8AE3C800307834 /* QuartzCore.framework in Frameworks */,
				57D69F191A8AE3BE00307834 /* MobileCoreServices.framework in Frameworks */,
				57D69F171A8AE3B500307834 /* CoreLocation.framework in Frameworks */,
				57D69F151A8AE3AE00307834 /* CoreGraphics.framework in Frameworks */,
				7AA7F5C71A8AF38400946EEE /* ParseUI.framework in Frameworks */,
				57D69F131A8AE39E00307834 /* CFNetwork.framework in Frameworks */,
				7AA7F5C51A8AF38400946EEE /* ParseCrashReporting.framework in Frameworks */,
				7AA7F5C41A8AF38400946EEE /* Parse.framework in Frameworks */,
				57D69F111A8AE39400307834 /* AudioToolbox.framework in Frameworks */,
				7AA7F5C31A8AF38400946EEE /* Bolts.framework in Frameworks */,
				7AA7F5C61A8AF38400946EEE /* ParseFacebookUtils.framework in Frameworks */,
			);
			runOnlyForDeploymentPostprocessing = 0;
		};
		7A8A1AB41A894275006642F1 /* Frameworks */ = {
			isa = PBXFrameworksBuildPhase;
			buildActionMask = 2147483647;
			files = (
			);
			runOnlyForDeploymentPostprocessing = 0;
		};
/* End PBXFrameworksBuildPhase section */

/* Begin PBXGroup section */
		5775F9061A8C526E00B91A00 /* Model */ = {
			isa = PBXGroup;
			children = (
				7AA0EFDD1A9D9D5800E49E3D /* PhoneNumberFormatter.h */,
				7AA0EFDE1A9D9D5800E49E3D /* PhoneNumberFormatter.m */,
				2F1270B71A93AEC80045090D /* Sub.h */,
				2F1270B81A93AEC80045090D /* Sub.m */,
				5775F9021A8BEC1A00B91A00 /* Shop.h */,
				5775F9031A8BEC1A00B91A00 /* Shop.m */,
				2F87DAE31A9D299400469D29 /* GetSubs.h */,
				2F87DAE41A9D299400469D29 /* GetSubs.m */,
			);
			name = Model;
			sourceTree = "<group>";
		};
		5775F9071A8C529200B91A00 /* View */ = {
			isa = PBXGroup;
			children = (
				7ABA09431A9D0BAD008513EB /* Suggest Sub/Shop */,
				7A9F5DE01A955D0C004F6395 /* Edit Shops & Subs */,
				7A98A8E11A9E3314008FB6D7 /* Custom TableViewCell */,
				2F1270B41A9322120045090D /* FindCurrentLocationViewController.h */,
				2F1270B51A9322120045090D /* FindCurrentLocationViewController.m */,
				7A8A1AA81A894275006642F1 /* RootViewController.h */,
				7A8A1AA91A894275006642F1 /* RootViewController.m */,
				7AA7F5CB1A8B10FE00946EEE /* DetailViewController.h */,
				7AA7F5CC1A8B10FE00946EEE /* DetailViewController.m */,
				7AA7F5D11A8B11AD00946EEE /* CustoSandoViewController.h */,
				7AA7F5D21A8B11AD00946EEE /* CustoSandoViewController.m */,
				2FA3C5DA1A9EBCA40036CA01 /* MapViewController.h */,
				2FA3C5DB1A9EBCA40036CA01 /* MapViewController.m */,
			);
			name = View;
			sourceTree = "<group>";
		};
		7A8A1A921A894275006642F1 = {
			isa = PBXGroup;
			children = (
				7A8A1A9D1A894275006642F1 /* Sub7 */,
				7A8A1ABA1A894275006642F1 /* Sub7Tests */,
				7A8A1A9C1A894275006642F1 /* Products */,
			);
			sourceTree = "<group>";
		};
		7A8A1A9C1A894275006642F1 /* Products */ = {
			isa = PBXGroup;
			children = (
				7A8A1A9B1A894275006642F1 /* Sub7.app */,
				7A8A1AB71A894275006642F1 /* Sub7Tests.xctest */,
			);
			name = Products;
			sourceTree = "<group>";
		};
		7A8A1A9D1A894275006642F1 /* Sub7 */ = {
			isa = PBXGroup;
			children = (
				7A8A1AA21A894275006642F1 /* AppDelegate.h */,
				7A8A1AA31A894275006642F1 /* AppDelegate.m */,
				7A8A1AAB1A894275006642F1 /* Main.storyboard */,
				5775F9071A8C529200B91A00 /* View */,
				5775F9061A8C526E00B91A00 /* Model */,
				7AB1F3A91A9EC6B50083BF80 /* JPSImagePickerController */,
				7A8A1AAE1A894275006642F1 /* Images.xcassets */,
				7A8A1AB01A894275006642F1 /* LaunchScreen.xib */,
				7A8A1AA51A894275006642F1 /* Sub7.xcdatamodeld */,
				7A8A1A9E1A894275006642F1 /* Supporting Files */,
			);
			path = Sub7;
			sourceTree = "<group>";
		};
		7A8A1A9E1A894275006642F1 /* Supporting Files */ = {
			isa = PBXGroup;
			children = (
				2F1270A11A8D33440045090D /* Foundation.framework */,
				2F12709F1A8D331E0045090D /* UIKit.framework */,
				7AA7F5D41A8B131E00946EEE /* MapKit.framework */,
				7AA7F5BE1A8AF38400946EEE /* Bolts.framework */,
				7AA7F5BF1A8AF38400946EEE /* Parse.framework */,
				7AA7F5C01A8AF38400946EEE /* ParseCrashReporting.framework */,
				7AA7F5C11A8AF38400946EEE /* ParseFacebookUtils.framework */,
				7AA7F5C21A8AF38400946EEE /* ParseUI.framework */,
				57D69F241A8AE3FC00307834 /* libsqlite3.dylib */,
				57D69F221A8AE3F200307834 /* libz.dylib */,
				57D69F201A8AE3E700307834 /* SystemConfiguration.framework */,
				57D69F1E1A8AE3DC00307834 /* StoreKit.framework */,
				57D69F1C1A8AE3D200307834 /* Security.framework */,
				57D69F1A1A8AE3C800307834 /* QuartzCore.framework */,
				57D69F181A8AE3BE00307834 /* MobileCoreServices.framework */,
				57D69F161A8AE3B500307834 /* CoreLocation.framework */,
				57D69F141A8AE3AE00307834 /* CoreGraphics.framework */,
				57D69F121A8AE39E00307834 /* CFNetwork.framework */,
				57D69F101A8AE39400307834 /* AudioToolbox.framework */,
				7A8A1A9F1A894275006642F1 /* Info.plist */,
				7A8A1AA01A894275006642F1 /* main.m */,
			);
			name = "Supporting Files";
			sourceTree = "<group>";
		};
		7A8A1ABA1A894275006642F1 /* Sub7Tests */ = {
			isa = PBXGroup;
			children = (
				7A8A1ABD1A894275006642F1 /* Sub7Tests.m */,
				7A8A1ABB1A894275006642F1 /* Supporting Files */,
			);
			path = Sub7Tests;
			sourceTree = "<group>";
		};
		7A8A1ABB1A894275006642F1 /* Supporting Files */ = {
			isa = PBXGroup;
			children = (
				7A8A1ABC1A894275006642F1 /* Info.plist */,
			);
			name = "Supporting Files";
			sourceTree = "<group>";
		};
		7A98A8E11A9E3314008FB6D7 /* Custom TableViewCell */ = {
			isa = PBXGroup;
			children = (
				7AA0EFE01A9E0EF700E49E3D /* TableViewCellAsHeader.h */,
				7AA0EFE11A9E0EF700E49E3D /* TableViewCellAsHeader.m */,
				2FC0CF081A983534004F975C /* JBParallaxCell.h */,
				2FC0CF091A98353D004F975C /* JBParallaxCell.m */,
			);
			name = "Custom TableViewCell";
			sourceTree = "<group>";
		};
		7A9F5DE01A955D0C004F6395 /* Edit Shops & Subs */ = {
			isa = PBXGroup;
			children = (
				7A9F5DE11A955D54004F6395 /* AllShopsViewController.h */,
				7A9F5DE21A955D54004F6395 /* AllShopsViewController.m */,
				7A0DD5C41A8D2CC100F2DA02 /* ShopEditViewController.h */,
				7A0DD5C51A8D2CC100F2DA02 /* ShopEditViewController.m */,
				7A9F5DE41A964F35004F6395 /* AllSubsViewController.h */,
				7A9F5DE51A964F35004F6395 /* AllSubsViewController.m */,
				7A9F5DE71A965AB5004F6395 /* SubEditViewController.h */,
				7A9F5DE81A965AB5004F6395 /* SubEditViewController.m */,
			);
			name = "Edit Shops & Subs";
			sourceTree = "<group>";
		};
		7AB1F3A91A9EC6B50083BF80 /* JPSImagePickerController */ = {
			isa = PBXGroup;
			children = (
				7AB1F3AA1A9EC6B50083BF80 /* JPSCameraButton.h */,
				7AB1F3AB1A9EC6B50083BF80 /* JPSCameraButton.m */,
				7AB1F3AC1A9EC6B50083BF80 /* JPSImagePickerController.bundle */,
				7AB1F3AD1A9EC6B50083BF80 /* JPSImagePickerController.h */,
				7AB1F3AE1A9EC6B50083BF80 /* JPSImagePickerController.m */,
				7AB1F3AF1A9EC6B50083BF80 /* JPSVolumeButtonHandler.h */,
				7AB1F3B01A9EC6B50083BF80 /* JPSVolumeButtonHandler.m */,
				7AB1F3B11A9EC6B50083BF80 /* UIImage+DrawBlock.h */,
				7AB1F3B21A9EC6B50083BF80 /* UIImage+DrawBlock.m */,
			);
			path = JPSImagePickerController;
			sourceTree = "<group>";
		};
		7ABA09431A9D0BAD008513EB /* Suggest Sub/Shop */ = {
			isa = PBXGroup;
			children = (
				7ABA09401A9D0433008513EB /* SuggestSubViewController.h */,
				7ABA09411A9D0433008513EB /* SuggestSubViewController.m */,
				7ABA093D1A9D0422008513EB /* SuggestShopViewController.h */,
				7ABA093E1A9D0422008513EB /* SuggestShopViewController.m */,
				7ABA093A1A9D040C008513EB /* SuggestConfirmViewController.h */,
				7ABA093B1A9D040C008513EB /* SuggestConfirmViewController.m */,
			);
			name = "Suggest Sub/Shop";
			sourceTree = "<group>";
		};
/* End PBXGroup section */

/* Begin PBXNativeTarget section */
		7A8A1A9A1A894275006642F1 /* Sub7 */ = {
			isa = PBXNativeTarget;
			buildConfigurationList = 7A8A1AC11A894275006642F1 /* Build configuration list for PBXNativeTarget "Sub7" */;
			buildPhases = (
				7A8A1A971A894275006642F1 /* Sources */,
				7A8A1A981A894275006642F1 /* Frameworks */,
				7A8A1A991A894275006642F1 /* Resources */,
			);
			buildRules = (
			);
			dependencies = (
			);
			name = Sub7;
			productName = Sub7;
			productReference = 7A8A1A9B1A894275006642F1 /* Sub7.app */;
			productType = "com.apple.product-type.application";
		};
		7A8A1AB61A894275006642F1 /* Sub7Tests */ = {
			isa = PBXNativeTarget;
			buildConfigurationList = 7A8A1AC41A894275006642F1 /* Build configuration list for PBXNativeTarget "Sub7Tests" */;
			buildPhases = (
				7A8A1AB31A894275006642F1 /* Sources */,
				7A8A1AB41A894275006642F1 /* Frameworks */,
				7A8A1AB51A894275006642F1 /* Resources */,
			);
			buildRules = (
			);
			dependencies = (
				7A8A1AB91A894275006642F1 /* PBXTargetDependency */,
			);
			name = Sub7Tests;
			productName = Sub7Tests;
			productReference = 7A8A1AB71A894275006642F1 /* Sub7Tests.xctest */;
			productType = "com.apple.product-type.bundle.unit-test";
		};
/* End PBXNativeTarget section */

/* Begin PBXProject section */
		7A8A1A931A894275006642F1 /* Project object */ = {
			isa = PBXProject;
			attributes = {
				LastUpgradeCheck = 0610;
				ORGANIZATIONNAME = "Clint Chilcott";
				TargetAttributes = {
					7A8A1A9A1A894275006642F1 = {
						CreatedOnToolsVersion = 6.1.1;
						DevelopmentTeam = NNYCX27J4X;
					};
					7A8A1AB61A894275006642F1 = {
						CreatedOnToolsVersion = 6.1.1;
						TestTargetID = 7A8A1A9A1A894275006642F1;
					};
				};
			};
			buildConfigurationList = 7A8A1A961A894275006642F1 /* Build configuration list for PBXProject "Sub7" */;
			compatibilityVersion = "Xcode 3.2";
			developmentRegion = English;
			hasScannedForEncodings = 0;
			knownRegions = (
				en,
				Base,
				es,
				it,
				pt,
				ru,
				"sv-SE",
				tr,
			);
			mainGroup = 7A8A1A921A894275006642F1;
			productRefGroup = 7A8A1A9C1A894275006642F1 /* Products */;
			projectDirPath = "";
			projectRoot = "";
			targets = (
				7A8A1A9A1A894275006642F1 /* Sub7 */,
				7A8A1AB61A894275006642F1 /* Sub7Tests */,
			);
		};
/* End PBXProject section */

/* Begin PBXResourcesBuildPhase section */
		7A8A1A991A894275006642F1 /* Resources */ = {
			isa = PBXResourcesBuildPhase;
			buildActionMask = 2147483647;
			files = (
				7A8A1AAD1A894275006642F1 /* Main.storyboard in Resources */,
				7AB1F3B41A9EC6B50083BF80 /* JPSImagePickerController.bundle in Resources */,
				7A8A1AB21A894275006642F1 /* LaunchScreen.xib in Resources */,
				7A8A1AAF1A894275006642F1 /* Images.xcassets in Resources */,
			);
			runOnlyForDeploymentPostprocessing = 0;
		};
		7A8A1AB51A894275006642F1 /* Resources */ = {
			isa = PBXResourcesBuildPhase;
			buildActionMask = 2147483647;
			files = (
			);
			runOnlyForDeploymentPostprocessing = 0;
		};
/* End PBXResourcesBuildPhase section */

/* Begin PBXSourcesBuildPhase section */
		7A8A1A971A894275006642F1 /* Sources */ = {
			isa = PBXSourcesBuildPhase;
			buildActionMask = 2147483647;
			files = (
				7A8A1AA41A894275006642F1 /* AppDelegate.m in Sources */,
				2F87DAE51A9D299400469D29 /* GetSubs.m in Sources */,
				7AB1F3B51A9EC6B50083BF80 /* JPSImagePickerController.m in Sources */,
				7AB1F3B71A9EC6B50083BF80 /* UIImage+DrawBlock.m in Sources */,
				7AB1F3B31A9EC6B50083BF80 /* JPSCameraButton.m in Sources */,
				7A8A1AA11A894275006642F1 /* main.m in Sources */,
				7A0DD5C61A8D2CC100F2DA02 /* ShopEditViewController.m in Sources */,
				7A8A1AAA1A894275006642F1 /* RootViewController.m in Sources */,
				7ABA09421A9D0433008513EB /* SuggestSubViewController.m in Sources */,
				7AA7F5D31A8B11AD00946EEE /* CustoSandoViewController.m in Sources */,
				5775F9051A8BEC1A00B91A00 /* Shop.m in Sources */,
				7ABA093F1A9D0422008513EB /* SuggestShopViewController.m in Sources */,
				7A8A1AA71A894275006642F1 /* Sub7.xcdatamodeld in Sources */,
				7ABA093C1A9D040C008513EB /* SuggestConfirmViewController.m in Sources */,
				2F1270B61A9322120045090D /* FindCurrentLocationViewController.m in Sources */,
				7A9F5DE31A955D54004F6395 /* AllShopsViewController.m in Sources */,
				7A9F5DE61A964F35004F6395 /* AllSubsViewController.m in Sources */,
				2FC0CF0A1A98353E004F975C /* JBParallaxCell.m in Sources */,
				7AB1F3B61A9EC6B50083BF80 /* JPSVolumeButtonHandler.m in Sources */,
				7AA0EFE21A9E0EF700E49E3D /* TableViewCellAsHeader.m in Sources */,
				7AA0EFDF1A9D9D5800E49E3D /* PhoneNumberFormatter.m in Sources */,
				2F1270B91A93AEC80045090D /* Sub.m in Sources */,
				7AA7F5CD1A8B10FE00946EEE /* DetailViewController.m in Sources */,
				7A9F5DE91A965AB5004F6395 /* SubEditViewController.m in Sources */,
				2FA3C5DC1A9EBCA40036CA01 /* MapViewController.m in Sources */,
			);
			runOnlyForDeploymentPostprocessing = 0;
		};
		7A8A1AB31A894275006642F1 /* Sources */ = {
			isa = PBXSourcesBuildPhase;
			buildActionMask = 2147483647;
			files = (
				7A8A1ABE1A894275006642F1 /* Sub7Tests.m in Sources */,
			);
			runOnlyForDeploymentPostprocessing = 0;
		};
/* End PBXSourcesBuildPhase section */

/* Begin PBXTargetDependency section */
		7A8A1AB91A894275006642F1 /* PBXTargetDependency */ = {
			isa = PBXTargetDependency;
			target = 7A8A1A9A1A894275006642F1 /* Sub7 */;
			targetProxy = 7A8A1AB81A894275006642F1 /* PBXContainerItemProxy */;
		};
/* End PBXTargetDependency section */

/* Begin PBXVariantGroup section */
		7A8A1AAB1A894275006642F1 /* Main.storyboard */ = {
			isa = PBXVariantGroup;
			children = (
				7A8A1AAC1A894275006642F1 /* Base */,
			);
			name = Main.storyboard;
			sourceTree = "<group>";
		};
		7A8A1AB01A894275006642F1 /* LaunchScreen.xib */ = {
			isa = PBXVariantGroup;
			children = (
				7A8A1AB11A894275006642F1 /* Base */,
			);
			name = LaunchScreen.xib;
			sourceTree = "<group>";
		};
/* End PBXVariantGroup section */

/* Begin XCBuildConfiguration section */
		7A8A1ABF1A894275006642F1 /* Debug */ = {
			isa = XCBuildConfiguration;
			buildSettings = {
				ALWAYS_SEARCH_USER_PATHS = NO;
				CLANG_CXX_LANGUAGE_STANDARD = "gnu++0x";
				CLANG_CXX_LIBRARY = "libc++";
				CLANG_ENABLE_MODULES = YES;
				CLANG_ENABLE_OBJC_ARC = YES;
				CLANG_WARN_BOOL_CONVERSION = YES;
				CLANG_WARN_CONSTANT_CONVERSION = YES;
				CLANG_WARN_DIRECT_OBJC_ISA_USAGE = YES_ERROR;
				CLANG_WARN_EMPTY_BODY = YES;
				CLANG_WARN_ENUM_CONVERSION = YES;
				CLANG_WARN_INT_CONVERSION = YES;
				CLANG_WARN_OBJC_ROOT_CLASS = YES_ERROR;
				CLANG_WARN_UNREACHABLE_CODE = YES;
				CLANG_WARN__DUPLICATE_METHOD_MATCH = YES;
				"CODE_SIGN_IDENTITY[sdk=iphoneos*]" = "iPhone Developer";
				COPY_PHASE_STRIP = NO;
				ENABLE_STRICT_OBJC_MSGSEND = YES;
				GCC_C_LANGUAGE_STANDARD = gnu99;
				GCC_DYNAMIC_NO_PIC = NO;
				GCC_OPTIMIZATION_LEVEL = 0;
				GCC_PREPROCESSOR_DEFINITIONS = (
					"DEBUG=1",
					"$(inherited)",
				);
				GCC_SYMBOLS_PRIVATE_EXTERN = NO;
				GCC_WARN_64_TO_32_BIT_CONVERSION = YES;
				GCC_WARN_ABOUT_RETURN_TYPE = YES_ERROR;
				GCC_WARN_UNDECLARED_SELECTOR = YES;
				GCC_WARN_UNINITIALIZED_AUTOS = YES_AGGRESSIVE;
				GCC_WARN_UNUSED_FUNCTION = YES;
				GCC_WARN_UNUSED_VARIABLE = YES;
				IPHONEOS_DEPLOYMENT_TARGET = 8.1;
				MTL_ENABLE_DEBUG_INFO = YES;
				ONLY_ACTIVE_ARCH = YES;
				SDKROOT = iphoneos;
			};
			name = Debug;
		};
		7A8A1AC01A894275006642F1 /* Release */ = {
			isa = XCBuildConfiguration;
			buildSettings = {
				ALWAYS_SEARCH_USER_PATHS = NO;
				CLANG_CXX_LANGUAGE_STANDARD = "gnu++0x";
				CLANG_CXX_LIBRARY = "libc++";
				CLANG_ENABLE_MODULES = YES;
				CLANG_ENABLE_OBJC_ARC = YES;
				CLANG_WARN_BOOL_CONVERSION = YES;
				CLANG_WARN_CONSTANT_CONVERSION = YES;
				CLANG_WARN_DIRECT_OBJC_ISA_USAGE = YES_ERROR;
				CLANG_WARN_EMPTY_BODY = YES;
				CLANG_WARN_ENUM_CONVERSION = YES;
				CLANG_WARN_INT_CONVERSION = YES;
				CLANG_WARN_OBJC_ROOT_CLASS = YES_ERROR;
				CLANG_WARN_UNREACHABLE_CODE = YES;
				CLANG_WARN__DUPLICATE_METHOD_MATCH = YES;
				"CODE_SIGN_IDENTITY[sdk=iphoneos*]" = "iPhone Developer";
				COPY_PHASE_STRIP = YES;
				ENABLE_NS_ASSERTIONS = NO;
				ENABLE_STRICT_OBJC_MSGSEND = YES;
				GCC_C_LANGUAGE_STANDARD = gnu99;
				GCC_WARN_64_TO_32_BIT_CONVERSION = YES;
				GCC_WARN_ABOUT_RETURN_TYPE = YES_ERROR;
				GCC_WARN_UNDECLARED_SELECTOR = YES;
				GCC_WARN_UNINITIALIZED_AUTOS = YES_AGGRESSIVE;
				GCC_WARN_UNUSED_FUNCTION = YES;
				GCC_WARN_UNUSED_VARIABLE = YES;
				IPHONEOS_DEPLOYMENT_TARGET = 8.1;
				MTL_ENABLE_DEBUG_INFO = NO;
				SDKROOT = iphoneos;
				VALIDATE_PRODUCT = YES;
			};
			name = Release;
		};
		7A8A1AC21A894275006642F1 /* Debug */ = {
			isa = XCBuildConfiguration;
			buildSettings = {
				ASSETCATALOG_COMPILER_APPICON_NAME = AppIcon;
				CODE_SIGN_IDENTITY = "iPhone Developer";
				"CODE_SIGN_IDENTITY[sdk=iphoneos*]" = "iPhone Developer";
				FRAMEWORK_SEARCH_PATHS = (
					"$(inherited)",
					"$(PROJECT_DIR)/parse-library-1",
					"$(PROJECT_DIR)/Sub7",
				);
				HEADER_SEARCH_PATHS = (
					"$(inherited)",
					/Applications/Xcode.app/Contents/Developer/Toolchains/XcodeDefault.xctoolchain/usr/include,
				);
				INFOPLIST_FILE = Sub7/Info.plist;
				LD_RUNPATH_SEARCH_PATHS = "$(inherited) @executable_path/Frameworks";
				OTHER_LDFLAGS = "";
				PRODUCT_NAME = "$(TARGET_NAME)";
				PROVISIONING_PROFILE = "";
				TARGETED_DEVICE_FAMILY = "1,2";
			};
			name = Debug;
		};
		7A8A1AC31A894275006642F1 /* Release */ = {
			isa = XCBuildConfiguration;
			buildSettings = {
				ASSETCATALOG_COMPILER_APPICON_NAME = AppIcon;
				CODE_SIGN_IDENTITY = "iPhone Developer";
				"CODE_SIGN_IDENTITY[sdk=iphoneos*]" = "iPhone Developer";
				FRAMEWORK_SEARCH_PATHS = (
					"$(inherited)",
					"$(PROJECT_DIR)/parse-library-1",
					"$(PROJECT_DIR)/Sub7",
				);
				HEADER_SEARCH_PATHS = (
					"$(inherited)",
					/Applications/Xcode.app/Contents/Developer/Toolchains/XcodeDefault.xctoolchain/usr/include,
				);
				INFOPLIST_FILE = Sub7/Info.plist;
				LD_RUNPATH_SEARCH_PATHS = "$(inherited) @executable_path/Frameworks";
				OTHER_LDFLAGS = "";
				PRODUCT_NAME = "$(TARGET_NAME)";
				PROVISIONING_PROFILE = "";
				TARGETED_DEVICE_FAMILY = "1,2";
			};
			name = Release;
		};
		7A8A1AC51A894275006642F1 /* Debug */ = {
			isa = XCBuildConfiguration;
			buildSettings = {
				BUNDLE_LOADER = "$(TEST_HOST)";
				FRAMEWORK_SEARCH_PATHS = (
					"$(SDKROOT)/Developer/Library/Frameworks",
					"$(inherited)",
				);
				GCC_PREPROCESSOR_DEFINITIONS = (
					"DEBUG=1",
					"$(inherited)",
				);
				INFOPLIST_FILE = Sub7Tests/Info.plist;
				LD_RUNPATH_SEARCH_PATHS = "$(inherited) @executable_path/Frameworks @loader_path/Frameworks";
				PRODUCT_NAME = "$(TARGET_NAME)";
				TEST_HOST = "$(BUILT_PRODUCTS_DIR)/Sub7.app/Sub7";
			};
			name = Debug;
		};
		7A8A1AC61A894275006642F1 /* Release */ = {
			isa = XCBuildConfiguration;
			buildSettings = {
				BUNDLE_LOADER = "$(TEST_HOST)";
				FRAMEWORK_SEARCH_PATHS = (
					"$(SDKROOT)/Developer/Library/Frameworks",
					"$(inherited)",
				);
				INFOPLIST_FILE = Sub7Tests/Info.plist;
				LD_RUNPATH_SEARCH_PATHS = "$(inherited) @executable_path/Frameworks @loader_path/Frameworks";
				PRODUCT_NAME = "$(TARGET_NAME)";
				TEST_HOST = "$(BUILT_PRODUCTS_DIR)/Sub7.app/Sub7";
			};
			name = Release;
		};
/* End XCBuildConfiguration section */

/* Begin XCConfigurationList section */
		7A8A1A961A894275006642F1 /* Build configuration list for PBXProject "Sub7" */ = {
			isa = XCConfigurationList;
			buildConfigurations = (
				7A8A1ABF1A894275006642F1 /* Debug */,
				7A8A1AC01A894275006642F1 /* Release */,
			);
			defaultConfigurationIsVisible = 0;
			defaultConfigurationName = Release;
		};
		7A8A1AC11A894275006642F1 /* Build configuration list for PBXNativeTarget "Sub7" */ = {
			isa = XCConfigurationList;
			buildConfigurations = (
				7A8A1AC21A894275006642F1 /* Debug */,
				7A8A1AC31A894275006642F1 /* Release */,
			);
			defaultConfigurationIsVisible = 0;
			defaultConfigurationName = Release;
		};
		7A8A1AC41A894275006642F1 /* Build configuration list for PBXNativeTarget "Sub7Tests" */ = {
			isa = XCConfigurationList;
			buildConfigurations = (
				7A8A1AC51A894275006642F1 /* Debug */,
				7A8A1AC61A894275006642F1 /* Release */,
			);
			defaultConfigurationIsVisible = 0;
			defaultConfigurationName = Release;
		};
/* End XCConfigurationList section */

/* Begin XCVersionGroup section */
		7A8A1AA51A894275006642F1 /* Sub7.xcdatamodeld */ = {
			isa = XCVersionGroup;
			children = (
				7A8A1AA61A894275006642F1 /* Sub7.xcdatamodel */,
			);
			currentVersion = 7A8A1AA61A894275006642F1 /* Sub7.xcdatamodel */;
			path = Sub7.xcdatamodeld;
			sourceTree = "<group>";
			versionGroupType = wrapper.xcdatamodel;
		};
/* End XCVersionGroup section */
	};
	rootObject = 7A8A1A931A894275006642F1 /* Project object */;
}
